
Microsoft Visual Studio Solution File, Format Version 12.00
# Visual Studio 15
VisualStudioVersion = 15.0.28307.1705
MinimumVisualStudioVersion = 10.0.40219.1
Project("{8BC9CEB8-8B4A-11D0-8D11-00A0C91BC942}") = "HW", "HW\HW.vcxproj", "{B15AFE89-3A8F-455E-AA95-EF791428C053}"
EndProject
Global
	GlobalSection(SolutionConfigurationPlatforms) = preSolution
		Debug|x64 = Debug|x64
		Debug|x86 = Debug|x86
		Release|x64 = Release|x64
		Release|x86 = Release|x86
	EndGlobalSection
	GlobalSection(ProjectConfigurationPlatforms) = postSolution
		{B15AFE89-3A8F-455E-AA95-EF791428C053}.Debug|x64.ActiveCfg = Debug|x64
		{B15AFE89-3A8F-455E-AA95-EF791428C053}.Debug|x64.Build.0 = Debug|x64
		{B15AFE89-3A8F-455E-AA95-EF791428C053}.Debug|x86.ActiveCfg = Debug|Win32
		{B15AFE89-3A8F-455E-AA95-EF791428C053}.Debug|x86.Build.0 = Debug|Win32
		{B15AFE89-3A8F-455E-AA95-EF791428C053}.Release|x64.ActiveCfg = Release|x64
		{B15AFE89-3A8F-455E-AA95-EF791428C053}.Release|x64.Build.0 = Release|x64
		{B15AFE89-3A8F-455E-AA95-EF791428C053}.Release|x86.ActiveCfg = Release|Win32
		{B15AFE89-3A8F-455E-AA95-EF791428C053}.Release|x86.Build.0 = Release|Win32
	EndGlobalSection
	GlobalSection(SolutionProperties) = preSolution
		HideSolutionNode = FALSE
	EndGlobalSection
	GlobalSection(ExtensibilityGlobals) = postSolution
		SolutionGuid = {959DB16A-DD93-43E7-BA7D-1DBFA4F2A653}
	EndGlobalSection
EndGlobal
